
Microsoft Visual Studio Solution File, Format Version 12.00
# Visual Studio 15
VisualStudioVersion = 15.0.26124.0
MinimumVisualStudioVersion = 15.0.26124.0
Project("{2150E333-8FDC-42A3-9474-1A3956D46DE8}") = "src", "src", "{A33630E2-8500-4AD8-A36B-988576613D5C}"
EndProject
Project("{FAE04EC0-301F-11D3-BF4B-00C04F79EFBC}") = "Learn.API", "src\Learn.API\Learn.API.csproj", "{E2959D58-EFBD-4A11-9E32-BFAF9E1BBD92}"
EndProject
Project("{FAE04EC0-301F-11D3-BF4B-00C04F79EFBC}") = "Learn.Services.Identity", "src\Learn.Services.Identity\Learn.Services.Identity.csproj", "{B20E57C1-E1AA-4DEC-8E1C-57D05998D6E9}"
EndProject
Project("{FAE04EC0-301F-11D3-BF4B-00C04F79EFBC}") = "Learn.Services.Activities", "src\Learn.Services.Activities\Learn.Services.Activities.csproj", "{1A9564E2-586C-467E-ADF8-06DA5A24015B}"
EndProject
Project("{FAE04EC0-301F-11D3-BF4B-00C04F79EFBC}") = "Learn.Common", "src\Learn.Common\Learn.Common.csproj", "{8282A394-E8FA-4248-9600-3557D9A7DD18}"
EndProject
Global
	GlobalSection(SolutionConfigurationPlatforms) = preSolution
		Debug|Any CPU = Debug|Any CPU
		Debug|x64 = Debug|x64
		Debug|x86 = Debug|x86
		Release|Any CPU = Release|Any CPU
		Release|x64 = Release|x64
		Release|x86 = Release|x86
	EndGlobalSection
	GlobalSection(SolutionProperties) = preSolution
		HideSolutionNode = FALSE
	EndGlobalSection
	GlobalSection(ProjectConfigurationPlatforms) = postSolution
		{E2959D58-EFBD-4A11-9E32-BFAF9E1BBD92}.Debug|Any CPU.ActiveCfg = Debug|Any CPU
		{E2959D58-EFBD-4A11-9E32-BFAF9E1BBD92}.Debug|Any CPU.Build.0 = Debug|Any CPU
		{E2959D58-EFBD-4A11-9E32-BFAF9E1BBD92}.Debug|x64.ActiveCfg = Debug|Any CPU
		{E2959D58-EFBD-4A11-9E32-BFAF9E1BBD92}.Debug|x64.Build.0 = Debug|Any CPU
		{E2959D58-EFBD-4A11-9E32-BFAF9E1BBD92}.Debug|x86.ActiveCfg = Debug|Any CPU
		{E2959D58-EFBD-4A11-9E32-BFAF9E1BBD92}.Debug|x86.Build.0 = Debug|Any CPU
		{E2959D58-EFBD-4A11-9E32-BFAF9E1BBD92}.Release|Any CPU.ActiveCfg = Release|Any CPU
		{E2959D58-EFBD-4A11-9E32-BFAF9E1BBD92}.Release|Any CPU.Build.0 = Release|Any CPU
		{E2959D58-EFBD-4A11-9E32-BFAF9E1BBD92}.Release|x64.ActiveCfg = Release|Any CPU
		{E2959D58-EFBD-4A11-9E32-BFAF9E1BBD92}.Release|x64.Build.0 = Release|Any CPU
		{E2959D58-EFBD-4A11-9E32-BFAF9E1BBD92}.Release|x86.ActiveCfg = Release|Any CPU
		{E2959D58-EFBD-4A11-9E32-BFAF9E1BBD92}.Release|x86.Build.0 = Release|Any CPU
		{B20E57C1-E1AA-4DEC-8E1C-57D05998D6E9}.Debug|Any CPU.ActiveCfg = Debug|Any CPU
		{B20E57C1-E1AA-4DEC-8E1C-57D05998D6E9}.Debug|Any CPU.Build.0 = Debug|Any CPU
		{B20E57C1-E1AA-4DEC-8E1C-57D05998D6E9}.Debug|x64.ActiveCfg = Debug|Any CPU
		{B20E57C1-E1AA-4DEC-8E1C-57D05998D6E9}.Debug|x64.Build.0 = Debug|Any CPU
		{B20E57C1-E1AA-4DEC-8E1C-57D05998D6E9}.Debug|x86.ActiveCfg = Debug|Any CPU
		{B20E57C1-E1AA-4DEC-8E1C-57D05998D6E9}.Debug|x86.Build.0 = Debug|Any CPU
		{B20E57C1-E1AA-4DEC-8E1C-57D05998D6E9}.Release|Any CPU.ActiveCfg = Release|Any CPU
		{B20E57C1-E1AA-4DEC-8E1C-57D05998D6E9}.Release|Any CPU.Build.0 = Release|Any CPU
		{B20E57C1-E1AA-4DEC-8E1C-57D05998D6E9}.Release|x64.ActiveCfg = Release|Any CPU
		{B20E57C1-E1AA-4DEC-8E1C-57D05998D6E9}.Release|x64.Build.0 = Release|Any CPU
		{B20E57C1-E1AA-4DEC-8E1C-57D05998D6E9}.Release|x86.ActiveCfg = Release|Any CPU
		{B20E57C1-E1AA-4DEC-8E1C-57D05998D6E9}.Release|x86.Build.0 = Release|Any CPU
		{1A9564E2-586C-467E-ADF8-06DA5A24015B}.Debug|Any CPU.ActiveCfg = Debug|Any CPU
		{1A9564E2-586C-467E-ADF8-06DA5A24015B}.Debug|Any CPU.Build.0 = Debug|Any CPU
		{1A9564E2-586C-467E-ADF8-06DA5A24015B}.Debug|x64.ActiveCfg = Debug|Any CPU
		{1A9564E2-586C-467E-ADF8-06DA5A24015B}.Debug|x64.Build.0 = Debug|Any CPU
		{1A9564E2-586C-467E-ADF8-06DA5A24015B}.Debug|x86.ActiveCfg = Debug|Any CPU
		{1A9564E2-586C-467E-ADF8-06DA5A24015B}.Debug|x86.Build.0 = Debug|Any CPU
		{1A9564E2-586C-467E-ADF8-06DA5A24015B}.Release|Any CPU.ActiveCfg = Release|Any CPU
		{1A9564E2-586C-467E-ADF8-06DA5A24015B}.Release|Any CPU.Build.0 = Release|Any CPU
		{1A9564E2-586C-467E-ADF8-06DA5A24015B}.Release|x64.ActiveCfg = Release|Any CPU
		{1A9564E2-586C-467E-ADF8-06DA5A24015B}.Release|x64.Build.0 = Release|Any CPU
		{1A9564E2-586C-467E-ADF8-06DA5A24015B}.Release|x86.ActiveCfg = Release|Any CPU
		{1A9564E2-586C-467E-ADF8-06DA5A24015B}.Release|x86.Build.0 = Release|Any CPU
		{8282A394-E8FA-4248-9600-3557D9A7DD18}.Debug|Any CPU.ActiveCfg = Debug|Any CPU
		{8282A394-E8FA-4248-9600-3557D9A7DD18}.Debug|Any CPU.Build.0 = Debug|Any CPU
		{8282A394-E8FA-4248-9600-3557D9A7DD18}.Debug|x64.ActiveCfg = Debug|Any CPU
		{8282A394-E8FA-4248-9600-3557D9A7DD18}.Debug|x64.Build.0 = Debug|Any CPU
		{8282A394-E8FA-4248-9600-3557D9A7DD18}.Debug|x86.ActiveCfg = Debug|Any CPU
		{8282A394-E8FA-4248-9600-3557D9A7DD18}.Debug|x86.Build.0 = Debug|Any CPU
		{8282A394-E8FA-4248-9600-3557D9A7DD18}.Release|Any CPU.ActiveCfg = Release|Any CPU
		{8282A394-E8FA-4248-9600-3557D9A7DD18}.Release|Any CPU.Build.0 = Release|Any CPU
		{8282A394-E8FA-4248-9600-3557D9A7DD18}.Release|x64.ActiveCfg = Release|Any CPU
		{8282A394-E8FA-4248-9600-3557D9A7DD18}.Release|x64.Build.0 = Release|Any CPU
		{8282A394-E8FA-4248-9600-3557D9A7DD18}.Release|x86.ActiveCfg = Release|Any CPU
		{8282A394-E8FA-4248-9600-3557D9A7DD18}.Release|x86.Build.0 = Release|Any CPU
	EndGlobalSection
	GlobalSection(NestedProjects) = preSolution
		{E2959D58-EFBD-4A11-9E32-BFAF9E1BBD92} = {A33630E2-8500-4AD8-A36B-988576613D5C}
		{B20E57C1-E1AA-4DEC-8E1C-57D05998D6E9} = {A33630E2-8500-4AD8-A36B-988576613D5C}
		{1A9564E2-586C-467E-ADF8-06DA5A24015B} = {A33630E2-8500-4AD8-A36B-988576613D5C}
		{8282A394-E8FA-4248-9600-3557D9A7DD18} = {A33630E2-8500-4AD8-A36B-988576613D5C}
	EndGlobalSection
EndGlobal
